
Microsoft Visual Studio Solution File, Format Version 12.00
# Visual Studio 15
VisualStudioVersion = 15.0.26124.0
MinimumVisualStudioVersion = 15.0.26124.0
Project("{FAE04EC0-301F-11D3-BF4B-00C04F79EFBC}") = "Project-Sapphire-Chain.api", "Project-Sapphire-Chain.api\Project-Sapphire-Chain.api.csproj", "{A386C936-6388-4B72-A6FB-8C69AEC6F91E}"
EndProject
Project("{FAE04EC0-301F-11D3-BF4B-00C04F79EFBC}") = "Project-Sapphire-Chain.Data", "Project-Sapphire-Chain.Data\Project-Sapphire-Chain.Data.csproj", "{FEB9561B-7180-4B67-81F0-264E89B839F9}"
EndProject
Project("{FAE04EC0-301F-11D3-BF4B-00C04F79EFBC}") = "Project-Sapphire-Chain.Domain.Tests", "Project-Sapphire-Chain.Domain.Tests\Project-Sapphire-Chain.Domain.Tests.csproj", "{8583F240-49C2-41DD-A722-66B4F31210E5}"
EndProject
Global
	GlobalSection(SolutionConfigurationPlatforms) = preSolution
		Debug|Any CPU = Debug|Any CPU
		Debug|x64 = Debug|x64
		Debug|x86 = Debug|x86
		Release|Any CPU = Release|Any CPU
		Release|x64 = Release|x64
		Release|x86 = Release|x86
	EndGlobalSection
	GlobalSection(SolutionProperties) = preSolution
		HideSolutionNode = FALSE
	EndGlobalSection
	GlobalSection(ProjectConfigurationPlatforms) = postSolution
		{A386C936-6388-4B72-A6FB-8C69AEC6F91E}.Debug|Any CPU.ActiveCfg = Debug|Any CPU
		{A386C936-6388-4B72-A6FB-8C69AEC6F91E}.Debug|Any CPU.Build.0 = Debug|Any CPU
		{A386C936-6388-4B72-A6FB-8C69AEC6F91E}.Debug|x64.ActiveCfg = Debug|Any CPU
		{A386C936-6388-4B72-A6FB-8C69AEC6F91E}.Debug|x64.Build.0 = Debug|Any CPU
		{A386C936-6388-4B72-A6FB-8C69AEC6F91E}.Debug|x86.ActiveCfg = Debug|Any CPU
		{A386C936-6388-4B72-A6FB-8C69AEC6F91E}.Debug|x86.Build.0 = Debug|Any CPU
		{A386C936-6388-4B72-A6FB-8C69AEC6F91E}.Release|Any CPU.ActiveCfg = Release|Any CPU
		{A386C936-6388-4B72-A6FB-8C69AEC6F91E}.Release|Any CPU.Build.0 = Release|Any CPU
		{A386C936-6388-4B72-A6FB-8C69AEC6F91E}.Release|x64.ActiveCfg = Release|Any CPU
		{A386C936-6388-4B72-A6FB-8C69AEC6F91E}.Release|x64.Build.0 = Release|Any CPU
		{A386C936-6388-4B72-A6FB-8C69AEC6F91E}.Release|x86.ActiveCfg = Release|Any CPU
		{A386C936-6388-4B72-A6FB-8C69AEC6F91E}.Release|x86.Build.0 = Release|Any CPU
		{FEB9561B-7180-4B67-81F0-264E89B839F9}.Debug|Any CPU.ActiveCfg = Debug|Any CPU
		{FEB9561B-7180-4B67-81F0-264E89B839F9}.Debug|Any CPU.Build.0 = Debug|Any CPU
		{FEB9561B-7180-4B67-81F0-264E89B839F9}.Debug|x64.ActiveCfg = Debug|Any CPU
		{FEB9561B-7180-4B67-81F0-264E89B839F9}.Debug|x64.Build.0 = Debug|Any CPU
		{FEB9561B-7180-4B67-81F0-264E89B839F9}.Debug|x86.ActiveCfg = Debug|Any CPU
		{FEB9561B-7180-4B67-81F0-264E89B839F9}.Debug|x86.Build.0 = Debug|Any CPU
		{FEB9561B-7180-4B67-81F0-264E89B839F9}.Release|Any CPU.ActiveCfg = Release|Any CPU
		{FEB9561B-7180-4B67-81F0-264E89B839F9}.Release|Any CPU.Build.0 = Release|Any CPU
		{FEB9561B-7180-4B67-81F0-264E89B839F9}.Release|x64.ActiveCfg = Release|Any CPU
		{FEB9561B-7180-4B67-81F0-264E89B839F9}.Release|x64.Build.0 = Release|Any CPU
		{FEB9561B-7180-4B67-81F0-264E89B839F9}.Release|x86.ActiveCfg = Release|Any CPU
		{FEB9561B-7180-4B67-81F0-264E89B839F9}.Release|x86.Build.0 = Release|Any CPU
		{8583F240-49C2-41DD-A722-66B4F31210E5}.Debug|Any CPU.ActiveCfg = Debug|Any CPU
		{8583F240-49C2-41DD-A722-66B4F31210E5}.Debug|Any CPU.Build.0 = Debug|Any CPU
		{8583F240-49C2-41DD-A722-66B4F31210E5}.Debug|x64.ActiveCfg = Debug|Any CPU
		{8583F240-49C2-41DD-A722-66B4F31210E5}.Debug|x64.Build.0 = Debug|Any CPU
		{8583F240-49C2-41DD-A722-66B4F31210E5}.Debug|x86.ActiveCfg = Debug|Any CPU
		{8583F240-49C2-41DD-A722-66B4F31210E5}.Debug|x86.Build.0 = Debug|Any CPU
		{8583F240-49C2-41DD-A722-66B4F31210E5}.Release|Any CPU.ActiveCfg = Release|Any CPU
		{8583F240-49C2-41DD-A722-66B4F31210E5}.Release|Any CPU.Build.0 = Release|Any CPU
		{8583F240-49C2-41DD-A722-66B4F31210E5}.Release|x64.ActiveCfg = Release|Any CPU
		{8583F240-49C2-41DD-A722-66B4F31210E5}.Release|x64.Build.0 = Release|Any CPU
		{8583F240-49C2-41DD-A722-66B4F31210E5}.Release|x86.ActiveCfg = Release|Any CPU
		{8583F240-49C2-41DD-A722-66B4F31210E5}.Release|x86.Build.0 = Release|Any CPU
	EndGlobalSection
EndGlobal
